// !$*UTF8*$!
{
	archiveVersion = 1;
	classes = {
	};
	objectVersion = 56;
	objects = {

/* Begin PBXBuildFile section */
		E14A9C232C1B51C900487439 /* EventEditView.swift in Sources */ = {isa = PBXBuildFile; fileRef = E18694502C1B3F6C0085EBEC /* EventEditView.swift */; };
		E14A9C242C1B51ED00487439 /* EventListView.swift in Sources */ = {isa = PBXBuildFile; fileRef = E18694522C1B46C70085EBEC /* EventListView.swift */; };
		E186942E2C1AA7360085EBEC /* EFQRCode in Frameworks */ = {isa = PBXBuildFile; productRef = E186942D2C1AA7360085EBEC /* EFQRCode */; };
		E18694312C1AA7DC0085EBEC /* QRCodeGeneratorView.swift in Sources */ = {isa = PBXBuildFile; fileRef = E18694302C1AA7DC0085EBEC /* QRCodeGeneratorView.swift */; };
		E18694332C1AAAD00085EBEC /* QRCodeSheetView.swift in Sources */ = {isa = PBXBuildFile; fileRef = E18694322C1AAACF0085EBEC /* QRCodeSheetView.swift */; };
		E18694352C1ABFE90085EBEC /* QRCodePickerView.swift in Sources */ = {isa = PBXBuildFile; fileRef = E18694342C1ABFE90085EBEC /* QRCodePickerView.swift */; };
		E18694372C1AC6580085EBEC /* QRCodeScannerView.swift in Sources */ = {isa = PBXBuildFile; fileRef = E18694362C1AC6580085EBEC /* QRCodeScannerView.swift */; };
		E186943B2C1ACA450085EBEC /* QRCodeResultView.swift in Sources */ = {isa = PBXBuildFile; fileRef = E186943A2C1ACA450085EBEC /* QRCodeResultView.swift */; };
		E186943F2C1AE2780085EBEC /* Task.swift in Sources */ = {isa = PBXBuildFile; fileRef = E186943E2C1AE2780085EBEC /* Task.swift */; };
		E18694412C1AE64C0085EBEC /* Symbols.swift in Sources */ = {isa = PBXBuildFile; fileRef = E18694402C1AE64C0085EBEC /* Symbols.swift */; };
		E18694432C1B06BA0085EBEC /* ColorOptions.swift in Sources */ = {isa = PBXBuildFile; fileRef = E18694422C1B06BA0085EBEC /* ColorOptions.swift */; };
		E18694452C1B09B00085EBEC /* Event.swift in Sources */ = {isa = PBXBuildFile; fileRef = E18694442C1B09B00085EBEC /* Event.swift */; };
		E18694472C1B15140085EBEC /* EventRowView.swift in Sources */ = {isa = PBXBuildFile; fileRef = E18694462C1B15140085EBEC /* EventRowView.swift */; };
		E18694492C1B1D1A0085EBEC /* SFSymbolStyling.swift in Sources */ = {isa = PBXBuildFile; fileRef = E18694482C1B1D1A0085EBEC /* SFSymbolStyling.swift */; };
		E186944B2C1B1FBA0085EBEC /* TaskRowView.swift in Sources */ = {isa = PBXBuildFile; fileRef = E186944A2C1B1FBA0085EBEC /* TaskRowView.swift */; };
		E186944D2C1B2B8A0085EBEC /* SymbolPickerView.swift in Sources */ = {isa = PBXBuildFile; fileRef = E186944C2C1B2B8A0085EBEC /* SymbolPickerView.swift */; };
		E186944F2C1B349D0085EBEC /* EventView.swift in Sources */ = {isa = PBXBuildFile; fileRef = E186944E2C1B349D0085EBEC /* EventView.swift */; };
		E19FF4C42C19D7AD00BA4D9D /* MotionDetector.swift in Sources */ = {isa = PBXBuildFile; fileRef = E19FF4C32C19D7AD00BA4D9D /* MotionDetector.swift */; };
		E19FF4C72C19DA0300BA4D9D /* GaugeBackgroundView.swift in Sources */ = {isa = PBXBuildFile; fileRef = E19FF4C62C19DA0300BA4D9D /* GaugeBackgroundView.swift */; };
		E19FF4CA2C19DBFF00BA4D9D /* NeedleSeismometerView.swift in Sources */ = {isa = PBXBuildFile; fileRef = E19FF4C92C19DBFF00BA4D9D /* NeedleSeismometerView.swift */; };
		E19FF4D22C19F8A900BA4D9D /* LineGraphView.swift in Sources */ = {isa = PBXBuildFile; fileRef = E19FF4D12C19F8A900BA4D9D /* LineGraphView.swift */; };
		E19FF4D52C19F95E00BA4D9D /* GraphSeismometerView.swift in Sources */ = {isa = PBXBuildFile; fileRef = E19FF4D42C19F95E00BA4D9D /* GraphSeismometerView.swift */; };
		E19FF4D92C1A1EAD00BA4D9D /* Friend.swift in Sources */ = {isa = PBXBuildFile; fileRef = E19FF4D82C1A1EAD00BA4D9D /* Friend.swift */; };
		E19FF4DE2C1A1F7100BA4D9D /* FriendsListView.swift in Sources */ = {isa = PBXBuildFile; fileRef = E19FF4DD2C1A1F7100BA4D9D /* FriendsListView.swift */; };
		E19FF4E42C1A22B900BA4D9D /* SampleData.swift in Sources */ = {isa = PBXBuildFile; fileRef = E19FF4E32C1A22B900BA4D9D /* SampleData.swift */; };
		E19FF4E72C1A2A6900BA4D9D /* FriendDetailView.swift in Sources */ = {isa = PBXBuildFile; fileRef = E19FF4E62C1A2A6900BA4D9D /* FriendDetailView.swift */; };
		E19FF4EB2C1A2FCC00BA4D9D /* FilteredFriendsListView.swift in Sources */ = {isa = PBXBuildFile; fileRef = E19FF4EA2C1A2FCC00BA4D9D /* FilteredFriendsListView.swift */; };
		E1A1DCA92C1944D000F77968 /* LIFTApp.swift in Sources */ = {isa = PBXBuildFile; fileRef = E1A1DCA82C1944D000F77968 /* LIFTApp.swift */; };
		E1A1DCAF2C1944D200F77968 /* Assets.xcassets in Resources */ = {isa = PBXBuildFile; fileRef = E1A1DCAE2C1944D200F77968 /* Assets.xcassets */; };
		E1A1DCB22C1944D200F77968 /* Preview Assets.xcassets in Resources */ = {isa = PBXBuildFile; fileRef = E1A1DCB12C1944D200F77968 /* Preview Assets.xcassets */; };
		E1A1DCBB2C19B28E00F77968 /* ContentView.swift in Sources */ = {isa = PBXBuildFile; fileRef = E1A1DCBA2C19B28E00F77968 /* ContentView.swift */; };
		E1A1DCBD2C19B5FB00F77968 /* AboutView.swift in Sources */ = {isa = PBXBuildFile; fileRef = E1A1DCBC2C19B5FB00F77968 /* AboutView.swift */; };
		E1A1DCC22C19BF9B00F77968 /* ToolsView.swift in Sources */ = {isa = PBXBuildFile; fileRef = E1A1DCC12C19BF9B00F77968 /* ToolsView.swift */; };
		E1A1DCC42C19C00A00F77968 /* Localizable.xcstrings in Resources */ = {isa = PBXBuildFile; fileRef = E1A1DCC32C19C00A00F77968 /* Localizable.xcstrings */; };
		E1A1DCE82C19CE6500F77968 /* SeismometerPickerView.swift in Sources */ = {isa = PBXBuildFile; fileRef = E1A1DCE72C19CE6500F77968 /* SeismometerPickerView.swift */; };
		E1A1DCEB2C19CEDC00F77968 /* DoubleExtension.swift in Sources */ = {isa = PBXBuildFile; fileRef = E1A1DCEA2C19CEDC00F77968 /* DoubleExtension.swift */; };
/* End PBXBuildFile section */

/* Begin PBXCopyFilesBuildPhase section */
		E1A1DCDA2C19C81A00F77968 /* Embed Watch Content */ = {
			isa = PBXCopyFilesBuildPhase;
			buildActionMask = 8;
			dstPath = "$(CONTENTS_FOLDER_PATH)/Watch";
			dstSubfolderSpec = 16;
			files = (
			);
			name = "Embed Watch Content";
			runOnlyForDeploymentPostprocessing = 1;
		};
/* End PBXCopyFilesBuildPhase section */

/* Begin PBXFileReference section */
		E18694302C1AA7DC0085EBEC /* QRCodeGeneratorView.swift */ = {isa = PBXFileReference; lastKnownFileType = sourcecode.swift; path = QRCodeGeneratorView.swift; sourceTree = "<group>"; };
		E18694322C1AAACF0085EBEC /* QRCodeSheetView.swift */ = {isa = PBXFileReference; lastKnownFileType = sourcecode.swift; path = QRCodeSheetView.swift; sourceTree = "<group>"; };
		E18694342C1ABFE90085EBEC /* QRCodePickerView.swift */ = {isa = PBXFileReference; lastKnownFileType = sourcecode.swift; path = QRCodePickerView.swift; sourceTree = "<group>"; };
		E18694362C1AC6580085EBEC /* QRCodeScannerView.swift */ = {isa = PBXFileReference; lastKnownFileType = sourcecode.swift; path = QRCodeScannerView.swift; sourceTree = "<group>"; };
		E186943A2C1ACA450085EBEC /* QRCodeResultView.swift */ = {isa = PBXFileReference; lastKnownFileType = sourcecode.swift; path = QRCodeResultView.swift; sourceTree = "<group>"; };
		E186943E2C1AE2780085EBEC /* Task.swift */ = {isa = PBXFileReference; lastKnownFileType = sourcecode.swift; path = Task.swift; sourceTree = "<group>"; };
		E18694402C1AE64C0085EBEC /* Symbols.swift */ = {isa = PBXFileReference; lastKnownFileType = sourcecode.swift; path = Symbols.swift; sourceTree = "<group>"; };
		E18694422C1B06BA0085EBEC /* ColorOptions.swift */ = {isa = PBXFileReference; lastKnownFileType = sourcecode.swift; path = ColorOptions.swift; sourceTree = "<group>"; };
		E18694442C1B09B00085EBEC /* Event.swift */ = {isa = PBXFileReference; lastKnownFileType = sourcecode.swift; path = Event.swift; sourceTree = "<group>"; };
		E18694462C1B15140085EBEC /* EventRowView.swift */ = {isa = PBXFileReference; lastKnownFileType = sourcecode.swift; path = EventRowView.swift; sourceTree = "<group>"; };
		E18694482C1B1D1A0085EBEC /* SFSymbolStyling.swift */ = {isa = PBXFileReference; lastKnownFileType = sourcecode.swift; path = SFSymbolStyling.swift; sourceTree = "<group>"; };
		E186944A2C1B1FBA0085EBEC /* TaskRowView.swift */ = {isa = PBXFileReference; lastKnownFileType = sourcecode.swift; path = TaskRowView.swift; sourceTree = "<group>"; };
		E186944C2C1B2B8A0085EBEC /* SymbolPickerView.swift */ = {isa = PBXFileReference; lastKnownFileType = sourcecode.swift; path = SymbolPickerView.swift; sourceTree = "<group>"; };
		E186944E2C1B349D0085EBEC /* EventView.swift */ = {isa = PBXFileReference; lastKnownFileType = sourcecode.swift; path = EventView.swift; sourceTree = "<group>"; };
		E18694502C1B3F6C0085EBEC /* EventEditView.swift */ = {isa = PBXFileReference; lastKnownFileType = sourcecode.swift; path = EventEditView.swift; sourceTree = "<group>"; };
		E18694522C1B46C70085EBEC /* EventListView.swift */ = {isa = PBXFileReference; lastKnownFileType = sourcecode.swift; path = EventListView.swift; sourceTree = "<group>"; };
		E19FF4C32C19D7AD00BA4D9D /* MotionDetector.swift */ = {isa = PBXFileReference; lastKnownFileType = sourcecode.swift; path = MotionDetector.swift; sourceTree = "<group>"; };
		E19FF4C62C19DA0300BA4D9D /* GaugeBackgroundView.swift */ = {isa = PBXFileReference; lastKnownFileType = sourcecode.swift; path = GaugeBackgroundView.swift; sourceTree = "<group>"; };
		E19FF4C92C19DBFF00BA4D9D /* NeedleSeismometerView.swift */ = {isa = PBXFileReference; lastKnownFileType = sourcecode.swift; path = NeedleSeismometerView.swift; sourceTree = "<group>"; };
		E19FF4D12C19F8A900BA4D9D /* LineGraphView.swift */ = {isa = PBXFileReference; lastKnownFileType = sourcecode.swift; path = LineGraphView.swift; sourceTree = "<group>"; };
		E19FF4D42C19F95E00BA4D9D /* GraphSeismometerView.swift */ = {isa = PBXFileReference; lastKnownFileType = sourcecode.swift; path = GraphSeismometerView.swift; sourceTree = "<group>"; };
		E19FF4D82C1A1EAD00BA4D9D /* Friend.swift */ = {isa = PBXFileReference; lastKnownFileType = sourcecode.swift; path = Friend.swift; sourceTree = "<group>"; };
		E19FF4DD2C1A1F7100BA4D9D /* FriendsListView.swift */ = {isa = PBXFileReference; lastKnownFileType = sourcecode.swift; path = FriendsListView.swift; sourceTree = "<group>"; };
		E19FF4E32C1A22B900BA4D9D /* SampleData.swift */ = {isa = PBXFileReference; lastKnownFileType = sourcecode.swift; path = SampleData.swift; sourceTree = "<group>"; };
		E19FF4E62C1A2A6900BA4D9D /* FriendDetailView.swift */ = {isa = PBXFileReference; lastKnownFileType = sourcecode.swift; path = FriendDetailView.swift; sourceTree = "<group>"; };
		E19FF4EA2C1A2FCC00BA4D9D /* FilteredFriendsListView.swift */ = {isa = PBXFileReference; lastKnownFileType = sourcecode.swift; path = FilteredFriendsListView.swift; sourceTree = "<group>"; };
		E1A1DCA52C1944D000F77968 /* LIFT.app */ = {isa = PBXFileReference; explicitFileType = wrapper.application; includeInIndex = 0; path = LIFT.app; sourceTree = BUILT_PRODUCTS_DIR; };
		E1A1DCA82C1944D000F77968 /* LIFTApp.swift */ = {isa = PBXFileReference; lastKnownFileType = sourcecode.swift; path = LIFTApp.swift; sourceTree = "<group>"; };
		E1A1DCAE2C1944D200F77968 /* Assets.xcassets */ = {isa = PBXFileReference; lastKnownFileType = folder.assetcatalog; path = Assets.xcassets; sourceTree = "<group>"; };
		E1A1DCB12C1944D200F77968 /* Preview Assets.xcassets */ = {isa = PBXFileReference; lastKnownFileType = folder.assetcatalog; path = "Preview Assets.xcassets"; sourceTree = "<group>"; };
		E1A1DCB32C1944D200F77968 /* LIFT.entitlements */ = {isa = PBXFileReference; lastKnownFileType = text.plist.entitlements; path = LIFT.entitlements; sourceTree = "<group>"; };
		E1A1DCB42C1944D200F77968 /* Info.plist */ = {isa = PBXFileReference; lastKnownFileType = text.plist.xml; path = Info.plist; sourceTree = "<group>"; };
		E1A1DCBA2C19B28E00F77968 /* ContentView.swift */ = {isa = PBXFileReference; lastKnownFileType = sourcecode.swift; path = ContentView.swift; sourceTree = "<group>"; };
		E1A1DCBC2C19B5FB00F77968 /* AboutView.swift */ = {isa = PBXFileReference; lastKnownFileType = sourcecode.swift; path = AboutView.swift; sourceTree = "<group>"; };
		E1A1DCC12C19BF9B00F77968 /* ToolsView.swift */ = {isa = PBXFileReference; lastKnownFileType = sourcecode.swift; path = ToolsView.swift; sourceTree = "<group>"; };
		E1A1DCC32C19C00A00F77968 /* Localizable.xcstrings */ = {isa = PBXFileReference; lastKnownFileType = text.json.xcstrings; path = Localizable.xcstrings; sourceTree = "<group>"; };
		E1A1DCE72C19CE6500F77968 /* SeismometerPickerView.swift */ = {isa = PBXFileReference; lastKnownFileType = sourcecode.swift; path = SeismometerPickerView.swift; sourceTree = "<group>"; };
		E1A1DCEA2C19CEDC00F77968 /* DoubleExtension.swift */ = {isa = PBXFileReference; lastKnownFileType = sourcecode.swift; path = DoubleExtension.swift; sourceTree = "<group>"; };
/* End PBXFileReference section */

/* Begin PBXFrameworksBuildPhase section */
		E1A1DCA22C1944D000F77968 /* Frameworks */ = {
			isa = PBXFrameworksBuildPhase;
			buildActionMask = 2147483647;
			files = (
				E186942E2C1AA7360085EBEC /* EFQRCode in Frameworks */,
			);
			runOnlyForDeploymentPostprocessing = 0;
		};
/* End PBXFrameworksBuildPhase section */

/* Begin PBXGroup section */
		E186942F2C1AA7540085EBEC /* QRCodeTool */ = {
			isa = PBXGroup;
			children = (
				E18694302C1AA7DC0085EBEC /* QRCodeGeneratorView.swift */,
				E18694342C1ABFE90085EBEC /* QRCodePickerView.swift */,
				E18694322C1AAACF0085EBEC /* QRCodeSheetView.swift */,
				E18694362C1AC6580085EBEC /* QRCodeScannerView.swift */,
				E186943A2C1ACA450085EBEC /* QRCodeResultView.swift */,
			);
			path = QRCodeTool;
			sourceTree = "<group>";
		};
		E186943C2C1AE2610085EBEC /* Views */ = {
			isa = PBXGroup;
			children = (
				E18694462C1B15140085EBEC /* EventRowView.swift */,
				E186944A2C1B1FBA0085EBEC /* TaskRowView.swift */,
				E186944E2C1B349D0085EBEC /* EventView.swift */,
				E186944C2C1B2B8A0085EBEC /* SymbolPickerView.swift */,
				E18694502C1B3F6C0085EBEC /* EventEditView.swift */,
				E18694522C1B46C70085EBEC /* EventListView.swift */,
			);
			path = Views;
			sourceTree = "<group>";
		};
		E186943D2C1AE2680085EBEC /* Models */ = {
			isa = PBXGroup;
			children = (
				E186943E2C1AE2780085EBEC /* Task.swift */,
				E18694402C1AE64C0085EBEC /* Symbols.swift */,
				E18694422C1B06BA0085EBEC /* ColorOptions.swift */,
				E18694442C1B09B00085EBEC /* Event.swift */,
			);
			path = Models;
			sourceTree = "<group>";
		};
		E19FF4D32C19F8AE00BA4D9D /* Views */ = {
			isa = PBXGroup;
			children = (
				E1A1DCE72C19CE6500F77968 /* SeismometerPickerView.swift */,
				E19FF4D12C19F8A900BA4D9D /* LineGraphView.swift */,
				E19FF4D42C19F95E00BA4D9D /* GraphSeismometerView.swift */,
				E19FF4C62C19DA0300BA4D9D /* GaugeBackgroundView.swift */,
				E19FF4C92C19DBFF00BA4D9D /* NeedleSeismometerView.swift */,
			);
			path = Views;
			sourceTree = "<group>";
		};
		E19FF4D62C1A1D7C00BA4D9D /* DDLPlanner */ = {
			isa = PBXGroup;
			children = (
				E186943D2C1AE2680085EBEC /* Models */,
				E186943C2C1AE2610085EBEC /* Views */,
				E18694482C1B1D1A0085EBEC /* SFSymbolStyling.swift */,
			);
			path = DDLPlanner;
			sourceTree = "<group>";
		};
		E19FF4D72C1A1E7000BA4D9D /* BirthdayReminder */ = {
			isa = PBXGroup;
			children = (
				E19FF4DD2C1A1F7100BA4D9D /* FriendsListView.swift */,
				E19FF4EA2C1A2FCC00BA4D9D /* FilteredFriendsListView.swift */,
				E19FF4E62C1A2A6900BA4D9D /* FriendDetailView.swift */,
				E19FF4D82C1A1EAD00BA4D9D /* Friend.swift */,
			);
			path = BirthdayReminder;
			sourceTree = "<group>";
		};
		E1A1DC9C2C1944D000F77968 = {
			isa = PBXGroup;
			children = (
				E1A1DCA72C1944D000F77968 /* LIFT */,
				E1A1DCA62C1944D000F77968 /* Products */,
			);
			sourceTree = "<group>";
		};
		E1A1DCA62C1944D000F77968 /* Products */ = {
			isa = PBXGroup;
			children = (
				E1A1DCA52C1944D000F77968 /* LIFT.app */,
			);
			name = Products;
			sourceTree = "<group>";
		};
		E1A1DCA72C1944D000F77968 /* LIFT */ = {
			isa = PBXGroup;
			children = (
				E186942F2C1AA7540085EBEC /* QRCodeTool */,
				E19FF4D72C1A1E7000BA4D9D /* BirthdayReminder */,
				E19FF4D62C1A1D7C00BA4D9D /* DDLPlanner */,
				E1A1DCE62C19CD0500F77968 /* App */,
				E1A1DCE52C19CCFD00F77968 /* Seismometer */,
				E1A1DCC32C19C00A00F77968 /* Localizable.xcstrings */,
				E1A1DCAE2C1944D200F77968 /* Assets.xcassets */,
				E1A1DCB32C1944D200F77968 /* LIFT.entitlements */,
				E1A1DCB42C1944D200F77968 /* Info.plist */,
				E1A1DCB02C1944D200F77968 /* Preview Content */,
			);
			path = LIFT;
			sourceTree = "<group>";
		};
		E1A1DCB02C1944D200F77968 /* Preview Content */ = {
			isa = PBXGroup;
			children = (
				E1A1DCB12C1944D200F77968 /* Preview Assets.xcassets */,
			);
			path = "Preview Content";
			sourceTree = "<group>";
		};
		E1A1DCE52C19CCFD00F77968 /* Seismometer */ = {
			isa = PBXGroup;
			children = (
				E19FF4D32C19F8AE00BA4D9D /* Views */,
				E1A1DCEA2C19CEDC00F77968 /* DoubleExtension.swift */,
				E19FF4C32C19D7AD00BA4D9D /* MotionDetector.swift */,
			);
			path = Seismometer;
			sourceTree = "<group>";
		};
		E1A1DCE62C19CD0500F77968 /* App */ = {
			isa = PBXGroup;
			children = (
				E1A1DCBA2C19B28E00F77968 /* ContentView.swift */,
				E1A1DCC12C19BF9B00F77968 /* ToolsView.swift */,
				E1A1DCBC2C19B5FB00F77968 /* AboutView.swift */,
				E1A1DCA82C1944D000F77968 /* LIFTApp.swift */,
				E19FF4E32C1A22B900BA4D9D /* SampleData.swift */,
			);
			path = App;
			sourceTree = "<group>";
		};
/* End PBXGroup section */

/* Begin PBXNativeTarget section */
		E1A1DCA42C1944D000F77968 /* LIFT */ = {
			isa = PBXNativeTarget;
			buildConfigurationList = E1A1DCB72C1944D200F77968 /* Build configuration list for PBXNativeTarget "LIFT" */;
			buildPhases = (
				E1A1DCA12C1944D000F77968 /* Sources */,
				E1A1DCA22C1944D000F77968 /* Frameworks */,
				E1A1DCA32C1944D000F77968 /* Resources */,
				E1A1DCDA2C19C81A00F77968 /* Embed Watch Content */,
			);
			buildRules = (
			);
			dependencies = (
			);
			name = LIFT;
			packageProductDependencies = (
				E186942D2C1AA7360085EBEC /* EFQRCode */,
			);
			productName = LIFT;
			productReference = E1A1DCA52C1944D000F77968 /* LIFT.app */;
			productType = "com.apple.product-type.application";
		};
/* End PBXNativeTarget section */

/* Begin PBXProject section */
		E1A1DC9D2C1944D000F77968 /* Project object */ = {
			isa = PBXProject;
			attributes = {
				BuildIndependentTargetsInParallel = 1;
				LastSwiftUpdateCheck = 1520;
				LastUpgradeCheck = 1520;
				TargetAttributes = {
					E1A1DCA42C1944D000F77968 = {
						CreatedOnToolsVersion = 15.2;
					};
				};
			};
			buildConfigurationList = E1A1DCA02C1944D000F77968 /* Build configuration list for PBXProject "LIFT" */;
			compatibilityVersion = "Xcode 14.0";
			developmentRegion = en;
			hasScannedForEncodings = 0;
			knownRegions = (
				en,
			);
			mainGroup = E1A1DC9C2C1944D000F77968;
			packageReferences = (
				E186942C2C1AA7360085EBEC /* XCRemoteSwiftPackageReference "EFQRCode" */,
			);
			productRefGroup = E1A1DCA62C1944D000F77968 /* Products */;
			projectDirPath = "";
			projectRoot = "";
			targets = (
				E1A1DCA42C1944D000F77968 /* LIFT */,
			);
		};
/* End PBXProject section */

/* Begin PBXResourcesBuildPhase section */
		E1A1DCA32C1944D000F77968 /* Resources */ = {
			isa = PBXResourcesBuildPhase;
			buildActionMask = 2147483647;
			files = (
				E1A1DCB22C1944D200F77968 /* Preview Assets.xcassets in Resources */,
				E1A1DCAF2C1944D200F77968 /* Assets.xcassets in Resources */,
				E1A1DCC42C19C00A00F77968 /* Localizable.xcstrings in Resources */,
			);
			runOnlyForDeploymentPostprocessing = 0;
		};
/* End PBXResourcesBuildPhase section */

/* Begin PBXSourcesBuildPhase section */
		E1A1DCA12C1944D000F77968 /* Sources */ = {
			isa = PBXSourcesBuildPhase;
			buildActionMask = 2147483647;
			files = (
				E18694312C1AA7DC0085EBEC /* QRCodeGeneratorView.swift in Sources */,
				E18694372C1AC6580085EBEC /* QRCodeScannerView.swift in Sources */,
				E18694492C1B1D1A0085EBEC /* SFSymbolStyling.swift in Sources */,
				E14A9C232C1B51C900487439 /* EventEditView.swift in Sources */,
				E18694352C1ABFE90085EBEC /* QRCodePickerView.swift in Sources */,
				E19FF4D92C1A1EAD00BA4D9D /* Friend.swift in Sources */,
				E186943F2C1AE2780085EBEC /* Task.swift in Sources */,
				E14A9C242C1B51ED00487439 /* EventListView.swift in Sources */,
				E19FF4C72C19DA0300BA4D9D /* GaugeBackgroundView.swift in Sources */,
				E18694472C1B15140085EBEC /* EventRowView.swift in Sources */,
				E19FF4E72C1A2A6900BA4D9D /* FriendDetailView.swift in Sources */,
				E186944F2C1B349D0085EBEC /* EventView.swift in Sources */,
				E18694332C1AAAD00085EBEC /* QRCodeSheetView.swift in Sources */,
				E186944B2C1B1FBA0085EBEC /* TaskRowView.swift in Sources */,
				E18694432C1B06BA0085EBEC /* ColorOptions.swift in Sources */,
				E1A1DCEB2C19CEDC00F77968 /* DoubleExtension.swift in Sources */,
				E1A1DCC22C19BF9B00F77968 /* ToolsView.swift in Sources */,
				E186944D2C1B2B8A0085EBEC /* SymbolPickerView.swift in Sources */,
				E19FF4CA2C19DBFF00BA4D9D /* NeedleSeismometerView.swift in Sources */,
				E1A1DCBB2C19B28E00F77968 /* ContentView.swift in Sources */,
				E1A1DCA92C1944D000F77968 /* LIFTApp.swift in Sources */,
				E1A1DCBD2C19B5FB00F77968 /* AboutView.swift in Sources */,
				E19FF4E42C1A22B900BA4D9D /* SampleData.swift in Sources */,
				E18694412C1AE64C0085EBEC /* Symbols.swift in Sources */,
				E186943B2C1ACA450085EBEC /* QRCodeResultView.swift in Sources */,
				E1A1DCE82C19CE6500F77968 /* SeismometerPickerView.swift in Sources */,
				E19FF4EB2C1A2FCC00BA4D9D /* FilteredFriendsListView.swift in Sources */,
				E19FF4C42C19D7AD00BA4D9D /* MotionDetector.swift in Sources */,
				E19FF4DE2C1A1F7100BA4D9D /* FriendsListView.swift in Sources */,
				E19FF4D22C19F8A900BA4D9D /* LineGraphView.swift in Sources */,
				E19FF4D52C19F95E00BA4D9D /* GraphSeismometerView.swift in Sources */,
				E18694452C1B09B00085EBEC /* Event.swift in Sources */,
			);
			runOnlyForDeploymentPostprocessing = 0;
		};
/* End PBXSourcesBuildPhase section */

/* Begin XCBuildConfiguration section */
		E1A1DCB52C1944D200F77968 /* Debug */ = {
			isa = XCBuildConfiguration;
			buildSettings = {
				ALWAYS_SEARCH_USER_PATHS = NO;
				ASSETCATALOG_COMPILER_GENERATE_SWIFT_ASSET_SYMBOL_EXTENSIONS = YES;
				CLANG_ANALYZER_NONNULL = YES;
				CLANG_ANALYZER_NUMBER_OBJECT_CONVERSION = YES_AGGRESSIVE;
				CLANG_CXX_LANGUAGE_STANDARD = "gnu++20";
				CLANG_ENABLE_MODULES = YES;
				CLANG_ENABLE_OBJC_ARC = YES;
				CLANG_ENABLE_OBJC_WEAK = YES;
				CLANG_WARN_BLOCK_CAPTURE_AUTORELEASING = YES;
				CLANG_WARN_BOOL_CONVERSION = YES;
				CLANG_WARN_COMMA = YES;
				CLANG_WARN_CONSTANT_CONVERSION = YES;
				CLANG_WARN_DEPRECATED_OBJC_IMPLEMENTATIONS = YES;
				CLANG_WARN_DIRECT_OBJC_ISA_USAGE = YES_ERROR;
				CLANG_WARN_DOCUMENTATION_COMMENTS = YES;
				CLANG_WARN_EMPTY_BODY = YES;
				CLANG_WARN_ENUM_CONVERSION = YES;
				CLANG_WARN_INFINITE_RECURSION = YES;
				CLANG_WARN_INT_CONVERSION = YES;
				CLANG_WARN_NON_LITERAL_NULL_CONVERSION = YES;
				CLANG_WARN_OBJC_IMPLICIT_RETAIN_SELF = YES;
				CLANG_WARN_OBJC_LITERAL_CONVERSION = YES;
				CLANG_WARN_OBJC_ROOT_CLASS = YES_ERROR;
				CLANG_WARN_QUOTED_INCLUDE_IN_FRAMEWORK_HEADER = YES;
				CLANG_WARN_RANGE_LOOP_ANALYSIS = YES;
				CLANG_WARN_STRICT_PROTOTYPES = YES;
				CLANG_WARN_SUSPICIOUS_MOVE = YES;
				CLANG_WARN_UNGUARDED_AVAILABILITY = YES_AGGRESSIVE;
				CLANG_WARN_UNREACHABLE_CODE = YES;
				CLANG_WARN__DUPLICATE_METHOD_MATCH = YES;
				COPY_PHASE_STRIP = NO;
				DEBUG_INFORMATION_FORMAT = dwarf;
				ENABLE_STRICT_OBJC_MSGSEND = YES;
				ENABLE_TESTABILITY = YES;
				ENABLE_USER_SCRIPT_SANDBOXING = YES;
				GCC_C_LANGUAGE_STANDARD = gnu17;
				GCC_DYNAMIC_NO_PIC = NO;
				GCC_NO_COMMON_BLOCKS = YES;
				GCC_OPTIMIZATION_LEVEL = 0;
				GCC_PREPROCESSOR_DEFINITIONS = (
					"DEBUG=1",
					"$(inherited)",
				);
				GCC_WARN_64_TO_32_BIT_CONVERSION = YES;
				GCC_WARN_ABOUT_RETURN_TYPE = YES_ERROR;
				GCC_WARN_UNDECLARED_SELECTOR = YES;
				GCC_WARN_UNINITIALIZED_AUTOS = YES_AGGRESSIVE;
				GCC_WARN_UNUSED_FUNCTION = YES;
				GCC_WARN_UNUSED_VARIABLE = YES;
				IPHONEOS_DEPLOYMENT_TARGET = 17.2;
				LOCALIZATION_PREFERS_STRING_CATALOGS = YES;
				MTL_ENABLE_DEBUG_INFO = INCLUDE_SOURCE;
				MTL_FAST_MATH = YES;
				ONLY_ACTIVE_ARCH = YES;
				SDKROOT = iphoneos;
				SWIFT_ACTIVE_COMPILATION_CONDITIONS = "DEBUG $(inherited)";
				SWIFT_OPTIMIZATION_LEVEL = "-Onone";
			};
			name = Debug;
		};
		E1A1DCB62C1944D200F77968 /* Release */ = {
			isa = XCBuildConfiguration;
			buildSettings = {
				ALWAYS_SEARCH_USER_PATHS = NO;
				ASSETCATALOG_COMPILER_GENERATE_SWIFT_ASSET_SYMBOL_EXTENSIONS = YES;
				CLANG_ANALYZER_NONNULL = YES;
				CLANG_ANALYZER_NUMBER_OBJECT_CONVERSION = YES_AGGRESSIVE;
				CLANG_CXX_LANGUAGE_STANDARD = "gnu++20";
				CLANG_ENABLE_MODULES = YES;
				CLANG_ENABLE_OBJC_ARC = YES;
				CLANG_ENABLE_OBJC_WEAK = YES;
				CLANG_WARN_BLOCK_CAPTURE_AUTORELEASING = YES;
				CLANG_WARN_BOOL_CONVERSION = YES;
				CLANG_WARN_COMMA = YES;
				CLANG_WARN_CONSTANT_CONVERSION = YES;
				CLANG_WARN_DEPRECATED_OBJC_IMPLEMENTATIONS = YES;
				CLANG_WARN_DIRECT_OBJC_ISA_USAGE = YES_ERROR;
				CLANG_WARN_DOCUMENTATION_COMMENTS = YES;
				CLANG_WARN_EMPTY_BODY = YES;
				CLANG_WARN_ENUM_CONVERSION = YES;
				CLANG_WARN_INFINITE_RECURSION = YES;
				CLANG_WARN_INT_CONVERSION = YES;
				CLANG_WARN_NON_LITERAL_NULL_CONVERSION = YES;
				CLANG_WARN_OBJC_IMPLICIT_RETAIN_SELF = YES;
				CLANG_WARN_OBJC_LITERAL_CONVERSION = YES;
				CLANG_WARN_OBJC_ROOT_CLASS = YES_ERROR;
				CLANG_WARN_QUOTED_INCLUDE_IN_FRAMEWORK_HEADER = YES;
				CLANG_WARN_RANGE_LOOP_ANALYSIS = YES;
				CLANG_WARN_STRICT_PROTOTYPES = YES;
				CLANG_WARN_SUSPICIOUS_MOVE = YES;
				CLANG_WARN_UNGUARDED_AVAILABILITY = YES_AGGRESSIVE;
				CLANG_WARN_UNREACHABLE_CODE = YES;
				CLANG_WARN__DUPLICATE_METHOD_MATCH = YES;
				COPY_PHASE_STRIP = NO;
				DEBUG_INFORMATION_FORMAT = "dwarf-with-dsym";
				ENABLE_NS_ASSERTIONS = NO;
				ENABLE_STRICT_OBJC_MSGSEND = YES;
				ENABLE_USER_SCRIPT_SANDBOXING = YES;
				GCC_C_LANGUAGE_STANDARD = gnu17;
				GCC_NO_COMMON_BLOCKS = YES;
				GCC_WARN_64_TO_32_BIT_CONVERSION = YES;
				GCC_WARN_ABOUT_RETURN_TYPE = YES_ERROR;
				GCC_WARN_UNDECLARED_SELECTOR = YES;
				GCC_WARN_UNINITIALIZED_AUTOS = YES_AGGRESSIVE;
				GCC_WARN_UNUSED_FUNCTION = YES;
				GCC_WARN_UNUSED_VARIABLE = YES;
				IPHONEOS_DEPLOYMENT_TARGET = 17.2;
				LOCALIZATION_PREFERS_STRING_CATALOGS = YES;
				MTL_ENABLE_DEBUG_INFO = NO;
				MTL_FAST_MATH = YES;
				SDKROOT = iphoneos;
				SWIFT_COMPILATION_MODE = wholemodule;
				VALIDATE_PRODUCT = YES;
			};
			name = Release;
		};
		E1A1DCB82C1944D200F77968 /* Debug */ = {
			isa = XCBuildConfiguration;
			buildSettings = {
				ALWAYS_EMBED_SWIFT_STANDARD_LIBRARIES = YES;
				ASSETCATALOG_COMPILER_APPICON_NAME = AppIcon;
				ASSETCATALOG_COMPILER_GLOBAL_ACCENT_COLOR_NAME = AccentColor;
				CODE_SIGN_ENTITLEMENTS = LIFT/LIFT.entitlements;
				CODE_SIGN_IDENTITY = "Apple Development";
				CODE_SIGN_STYLE = Automatic;
				CURRENT_PROJECT_VERSION = 1;
				DEVELOPMENT_ASSET_PATHS = "\"LIFT/Preview Content\"";
				DEVELOPMENT_TEAM = 545VRSRUHV;
				ENABLE_PREVIEWS = YES;
				GENERATE_INFOPLIST_FILE = YES;
				INFOPLIST_FILE = LIFT/Info.plist;
				INFOPLIST_KEY_NSCameraUsageDescription = "This App needs access to your camera to scan QR code.";
				INFOPLIST_KEY_NSPhotoLibraryAddUsageDescription = "This App needs access to your photo library to save QR code.";
				INFOPLIST_KEY_UIApplicationSceneManifest_Generation = YES;
				INFOPLIST_KEY_UIApplicationSupportsIndirectInputEvents = YES;
				INFOPLIST_KEY_UILaunchScreen_Generation = YES;
				INFOPLIST_KEY_UISupportedInterfaceOrientations_iPad = "UIInterfaceOrientationPortrait UIInterfaceOrientationPortraitUpsideDown UIInterfaceOrientationLandscapeLeft UIInterfaceOrientationLandscapeRight";
				INFOPLIST_KEY_UISupportedInterfaceOrientations_iPhone = "UIInterfaceOrientationPortrait UIInterfaceOrientationLandscapeLeft UIInterfaceOrientationLandscapeRight";
				LD_RUNPATH_SEARCH_PATHS = (
					"$(inherited)",
					"@executable_path/Frameworks",
				);
				MARKETING_VERSION = 1.0;
				PRODUCT_BUNDLE_IDENTIFIER = "fa-555.LIFT";
				PRODUCT_NAME = "$(TARGET_NAME)";
				PROVISIONING_PROFILE_SPECIFIER = "";
				SUPPORTED_PLATFORMS = "iphoneos iphonesimulator";
				SUPPORTS_MACCATALYST = NO;
				SUPPORTS_MAC_DESIGNED_FOR_IPHONE_IPAD = NO;
				SUPPORTS_XR_DESIGNED_FOR_IPHONE_IPAD = NO;
				SWIFT_EMIT_LOC_STRINGS = YES;
				SWIFT_VERSION = 5.0;
				TARGETED_DEVICE_FAMILY = "1,2";
			};
			name = Debug;
		};
		E1A1DCB92C1944D200F77968 /* Release */ = {
			isa = XCBuildConfiguration;
			buildSettings = {
				ALWAYS_EMBED_SWIFT_STANDARD_LIBRARIES = YES;
				ASSETCATALOG_COMPILER_APPICON_NAME = AppIcon;
				ASSETCATALOG_COMPILER_GLOBAL_ACCENT_COLOR_NAME = AccentColor;
				CODE_SIGN_ENTITLEMENTS = LIFT/LIFT.entitlements;
				CODE_SIGN_IDENTITY = "Apple Development";
				CODE_SIGN_STYLE = Automatic;
				CURRENT_PROJECT_VERSION = 1;
				DEVELOPMENT_ASSET_PATHS = "\"LIFT/Preview Content\"";
				DEVELOPMENT_TEAM = 545VRSRUHV;
				ENABLE_PREVIEWS = YES;
				GENERATE_INFOPLIST_FILE = YES;
				INFOPLIST_FILE = LIFT/Info.plist;
				INFOPLIST_KEY_NSCameraUsageDescription = "This App needs access to your camera to scan QR code.";
				INFOPLIST_KEY_NSPhotoLibraryAddUsageDescription = "This App needs access to your photo library to save QR code.";
				INFOPLIST_KEY_UIApplicationSceneManifest_Generation = YES;
				INFOPLIST_KEY_UIApplicationSupportsIndirectInputEvents = YES;
				INFOPLIST_KEY_UILaunchScreen_Generation = YES;
				INFOPLIST_KEY_UISupportedInterfaceOrientations_iPad = "UIInterfaceOrientationPortrait UIInterfaceOrientationPortraitUpsideDown UIInterfaceOrientationLandscapeLeft UIInterfaceOrientationLandscapeRight";
				INFOPLIST_KEY_UISupportedInterfaceOrientations_iPhone = "UIInterfaceOrientationPortrait UIInterfaceOrientationLandscapeLeft UIInterfaceOrientationLandscapeRight";
				LD_RUNPATH_SEARCH_PATHS = (
					"$(inherited)",
					"@executable_path/Frameworks",
				);
				MARKETING_VERSION = 1.0;
				PRODUCT_BUNDLE_IDENTIFIER = "fa-555.LIFT";
				PRODUCT_NAME = "$(TARGET_NAME)";
				PROVISIONING_PROFILE_SPECIFIER = "";
				SUPPORTED_PLATFORMS = "iphoneos iphonesimulator";
				SUPPORTS_MACCATALYST = NO;
				SUPPORTS_MAC_DESIGNED_FOR_IPHONE_IPAD = NO;
				SUPPORTS_XR_DESIGNED_FOR_IPHONE_IPAD = NO;
				SWIFT_EMIT_LOC_STRINGS = YES;
				SWIFT_VERSION = 5.0;
				TARGETED_DEVICE_FAMILY = "1,2";
			};
			name = Release;
		};
/* End XCBuildConfiguration section */

/* Begin XCConfigurationList section */
		E1A1DCA02C1944D000F77968 /* Build configuration list for PBXProject "LIFT" */ = {
			isa = XCConfigurationList;
			buildConfigurations = (
				E1A1DCB52C1944D200F77968 /* Debug */,
				E1A1DCB62C1944D200F77968 /* Release */,
			);
			defaultConfigurationIsVisible = 0;
			defaultConfigurationName = Release;
		};
		E1A1DCB72C1944D200F77968 /* Build configuration list for PBXNativeTarget "LIFT" */ = {
			isa = XCConfigurationList;
			buildConfigurations = (
				E1A1DCB82C1944D200F77968 /* Debug */,
				E1A1DCB92C1944D200F77968 /* Release */,
			);
			defaultConfigurationIsVisible = 0;
			defaultConfigurationName = Release;
		};
/* End XCConfigurationList section */

/* Begin XCRemoteSwiftPackageReference section */
		E186942C2C1AA7360085EBEC /* XCRemoteSwiftPackageReference "EFQRCode" */ = {
			isa = XCRemoteSwiftPackageReference;
			repositoryURL = "https://github.com/EFPrefix/EFQRCode.git";
			requirement = {
				kind = exactVersion;
				version = 6.2.2;
			};
		};
/* End XCRemoteSwiftPackageReference section */

/* Begin XCSwiftPackageProductDependency section */
		E186942D2C1AA7360085EBEC /* EFQRCode */ = {
			isa = XCSwiftPackageProductDependency;
			package = E186942C2C1AA7360085EBEC /* XCRemoteSwiftPackageReference "EFQRCode" */;
			productName = EFQRCode;
		};
/* End XCSwiftPackageProductDependency section */
	};
	rootObject = E1A1DC9D2C1944D000F77968 /* Project object */;
}
